
Microsoft Visual Studio Solution File, Format Version 12.00
# Visual Studio Version 16
VisualStudioVersion = 16.0.30907.101
MinimumVisualStudioVersion = 10.0.40219.1
Project("{9A19103F-16F7-4668-BE54-9A1E7A4F7556}") = "DataContainer", "DataContainer\DataContainer.csproj", "{71D831E6-C80E-4FDA-91B5-FFF3D8FE432C}"
EndProject
Project("{9A19103F-16F7-4668-BE54-9A1E7A4F7556}") = "DataContainer.Tests", "DataContainer.Tests\DataContainer.Tests.csproj", "{837CCEFE-4CC7-435F-802E-89B67E6E7E5B}"
EndProject
Global
	GlobalSection(SolutionConfigurationPlatforms) = preSolution
		Debug|Any CPU = Debug|Any CPU
		Release|Any CPU = Release|Any CPU
	EndGlobalSection
	GlobalSection(ProjectConfigurationPlatforms) = postSolution
		{71D831E6-C80E-4FDA-91B5-FFF3D8FE432C}.Debug|Any CPU.ActiveCfg = Debug|Any CPU
		{71D831E6-C80E-4FDA-91B5-FFF3D8FE432C}.Debug|Any CPU.Build.0 = Debug|Any CPU
		{71D831E6-C80E-4FDA-91B5-FFF3D8FE432C}.Release|Any CPU.ActiveCfg = Release|Any CPU
		{71D831E6-C80E-4FDA-91B5-FFF3D8FE432C}.Release|Any CPU.Build.0 = Release|Any CPU
		{837CCEFE-4CC7-435F-802E-89B67E6E7E5B}.Debug|Any CPU.ActiveCfg = Debug|Any CPU
		{837CCEFE-4CC7-435F-802E-89B67E6E7E5B}.Debug|Any CPU.Build.0 = Debug|Any CPU
		{837CCEFE-4CC7-435F-802E-89B67E6E7E5B}.Release|Any CPU.ActiveCfg = Release|Any CPU
		{837CCEFE-4CC7-435F-802E-89B67E6E7E5B}.Release|Any CPU.Build.0 = Release|Any CPU
	EndGlobalSection
	GlobalSection(SolutionProperties) = preSolution
		HideSolutionNode = FALSE
	EndGlobalSection
	GlobalSection(ExtensibilityGlobals) = postSolution
		SolutionGuid = {2F619983-D51C-4DEA-BD0B-1F83E33647F3}
	EndGlobalSection
EndGlobal
